
Microsoft Visual Studio Solution File, Format Version 12.00
# Visual Studio 2013
VisualStudioVersion = 12.0.40629.0
MinimumVisualStudioVersion = 10.0.40219.1
Project("{FAE04EC0-301F-11D3-BF4B-00C04F79EFBC}") = "RAAuthentication", "RAAuthentication\RAAuthentication.csproj", "{1D261395-46F5-42C8-A450-DC80B622D6AE}"
EndProject
Project("{FAE04EC0-301F-11D3-BF4B-00C04F79EFBC}") = "RAAuthentication.Tests", "RAAuthentication.Tests\RAAuthentication.Tests.csproj", "{D2B97081-4A2D-493C-BCDE-9D3B0F58874A}"
EndProject
Project("{FAE04EC0-301F-11D3-BF4B-00C04F79EFBC}") = "RAAuthentication.JWTAuthentication", "RAAuthentication.JWTAuthentication\RAAuthentication.JWTAuthentication.csproj", "{83D0871E-C08F-4785-BDC8-0492B66F4671}"
EndProject
Project("{FAE04EC0-301F-11D3-BF4B-00C04F79EFBC}") = "RAAuthenticationLib", "RAAuthenticationLib\RAAuthenticationLib.csproj", "{CEF3D7D3-FB52-4800-B0B6-BF9C73FD1DF1}"
EndProject
Global
	GlobalSection(SolutionConfigurationPlatforms) = preSolution
		Debug|Any CPU = Debug|Any CPU
		Release|Any CPU = Release|Any CPU
	EndGlobalSection
	GlobalSection(ProjectConfigurationPlatforms) = postSolution
		{1D261395-46F5-42C8-A450-DC80B622D6AE}.Debug|Any CPU.ActiveCfg = Debug|Any CPU
		{1D261395-46F5-42C8-A450-DC80B622D6AE}.Debug|Any CPU.Build.0 = Debug|Any CPU
		{1D261395-46F5-42C8-A450-DC80B622D6AE}.Release|Any CPU.ActiveCfg = Release|Any CPU
		{1D261395-46F5-42C8-A450-DC80B622D6AE}.Release|Any CPU.Build.0 = Release|Any CPU
		{D2B97081-4A2D-493C-BCDE-9D3B0F58874A}.Debug|Any CPU.ActiveCfg = Debug|Any CPU
		{D2B97081-4A2D-493C-BCDE-9D3B0F58874A}.Debug|Any CPU.Build.0 = Debug|Any CPU
		{D2B97081-4A2D-493C-BCDE-9D3B0F58874A}.Release|Any CPU.ActiveCfg = Release|Any CPU
		{D2B97081-4A2D-493C-BCDE-9D3B0F58874A}.Release|Any CPU.Build.0 = Release|Any CPU
		{83D0871E-C08F-4785-BDC8-0492B66F4671}.Debug|Any CPU.ActiveCfg = Debug|Any CPU
		{83D0871E-C08F-4785-BDC8-0492B66F4671}.Debug|Any CPU.Build.0 = Debug|Any CPU
		{83D0871E-C08F-4785-BDC8-0492B66F4671}.Release|Any CPU.ActiveCfg = Release|Any CPU
		{83D0871E-C08F-4785-BDC8-0492B66F4671}.Release|Any CPU.Build.0 = Release|Any CPU
		{CEF3D7D3-FB52-4800-B0B6-BF9C73FD1DF1}.Debug|Any CPU.ActiveCfg = Debug|Any CPU
		{CEF3D7D3-FB52-4800-B0B6-BF9C73FD1DF1}.Debug|Any CPU.Build.0 = Debug|Any CPU
		{CEF3D7D3-FB52-4800-B0B6-BF9C73FD1DF1}.Release|Any CPU.ActiveCfg = Release|Any CPU
		{CEF3D7D3-FB52-4800-B0B6-BF9C73FD1DF1}.Release|Any CPU.Build.0 = Release|Any CPU
	EndGlobalSection
	GlobalSection(SolutionProperties) = preSolution
		HideSolutionNode = FALSE
	EndGlobalSection
EndGlobal
